
Microsoft Visual Studio Solution File, Format Version 12.00
# Visual Studio Version 17
VisualStudioVersion = 17.5.33530.505
MinimumVisualStudioVersion = 10.0.40219.1
Project("{FAE04EC0-301F-11D3-BF4B-00C04F79EFBC}") = "lr2_blokhina", "lr2_blokhina\lr2_blokhina.csproj", "{28ABFC29-E5B3-46E5-B1B2-9E5DCCCB7903}"
EndProject
Global
	GlobalSection(SolutionConfigurationPlatforms) = preSolution
		Debug|Any CPU = Debug|Any CPU
		Release|Any CPU = Release|Any CPU
	EndGlobalSection
	GlobalSection(ProjectConfigurationPlatforms) = postSolution
		{28ABFC29-E5B3-46E5-B1B2-9E5DCCCB7903}.Debug|Any CPU.ActiveCfg = Debug|Any CPU
		{28ABFC29-E5B3-46E5-B1B2-9E5DCCCB7903}.Debug|Any CPU.Build.0 = Debug|Any CPU
		{28ABFC29-E5B3-46E5-B1B2-9E5DCCCB7903}.Release|Any CPU.ActiveCfg = Release|Any CPU
		{28ABFC29-E5B3-46E5-B1B2-9E5DCCCB7903}.Release|Any CPU.Build.0 = Release|Any CPU
	EndGlobalSection
	GlobalSection(SolutionProperties) = preSolution
		HideSolutionNode = FALSE
	EndGlobalSection
	GlobalSection(ExtensibilityGlobals) = postSolution
		SolutionGuid = {1646DA88-7C6D-474B-BAD2-947A650F7C46}
	EndGlobalSection
EndGlobal
